
Microsoft Visual Studio Solution File, Format Version 12.00
# Visual Studio Version 17
VisualStudioVersion = 17.0.31903.59
MinimumVisualStudioVersion = 10.0.40219.1
Project("{2150E333-8FDC-42A3-9474-1A3956D46DE8}") = "Src", "Src", "{827E0CD3-B72D-47B6-A68D-7590B98EB39B}"
EndProject
Project("{2150E333-8FDC-42A3-9474-1A3956D46DE8}") = "Net", "Net", "{AAA092DB-504E-ED76-ABFC-4AE22683804D}"
EndProject
Project("{FAE04EC0-301F-11D3-BF4B-00C04F79EFBC}") = "Armament.Net", "Src\Net\Armament.Net.csproj", "{685BCCCD-4072-4756-826A-50BA5BABBF2B}"
EndProject
Project("{FAE04EC0-301F-11D3-BF4B-00C04F79EFBC}") = "Armament.GameServer", "Src\GameServer\Armament.GameServer.csproj", "{1BA8FD39-7BE3-4348-9A9B-8EDF9113D434}"
EndProject
Project("{FAE04EC0-301F-11D3-BF4B-00C04F79EFBC}") = "Armament.Persistence", "Src\Persistence\Armament.Persistence.csproj", "{04D7F65D-5F7D-4952-A41C-A9B090150208}"
EndProject
Project("{FAE04EC0-301F-11D3-BF4B-00C04F79EFBC}") = "Armament.ServerHost", "Src\ServerHost\Armament.ServerHost.csproj", "{6760653B-091E-4EFC-A317-0A7A0C202110}"
EndProject
Project("{FAE04EC0-301F-11D3-BF4B-00C04F79EFBC}") = "Armament.GameServer.Tests", "Tests\GameServer.Tests\Armament.GameServer.Tests.csproj", "{9483C90B-A48A-43BE-9D87-31350D0C729B}"
EndProject
Project("{FAE04EC0-301F-11D3-BF4B-00C04F79EFBC}") = "Armament.Persistence.Tests", "Tests\Persistence.Tests\Armament.Persistence.Tests.csproj", "{BE906703-50F6-495F-BBE2-2E9902B1F8AB}"
EndProject
Global
	GlobalSection(SolutionConfigurationPlatforms) = preSolution
		Debug|Any CPU = Debug|Any CPU
		Debug|x64 = Debug|x64
		Debug|x86 = Debug|x86
		Release|Any CPU = Release|Any CPU
		Release|x64 = Release|x64
		Release|x86 = Release|x86
	EndGlobalSection
	GlobalSection(ProjectConfigurationPlatforms) = postSolution
		{685BCCCD-4072-4756-826A-50BA5BABBF2B}.Debug|Any CPU.ActiveCfg = Debug|Any CPU
		{685BCCCD-4072-4756-826A-50BA5BABBF2B}.Debug|Any CPU.Build.0 = Debug|Any CPU
		{685BCCCD-4072-4756-826A-50BA5BABBF2B}.Debug|x64.ActiveCfg = Debug|Any CPU
		{685BCCCD-4072-4756-826A-50BA5BABBF2B}.Debug|x64.Build.0 = Debug|Any CPU
		{685BCCCD-4072-4756-826A-50BA5BABBF2B}.Debug|x86.ActiveCfg = Debug|Any CPU
		{685BCCCD-4072-4756-826A-50BA5BABBF2B}.Debug|x86.Build.0 = Debug|Any CPU
		{685BCCCD-4072-4756-826A-50BA5BABBF2B}.Release|Any CPU.ActiveCfg = Release|Any CPU
		{685BCCCD-4072-4756-826A-50BA5BABBF2B}.Release|Any CPU.Build.0 = Release|Any CPU
		{685BCCCD-4072-4756-826A-50BA5BABBF2B}.Release|x64.ActiveCfg = Release|Any CPU
		{685BCCCD-4072-4756-826A-50BA5BABBF2B}.Release|x64.Build.0 = Release|Any CPU
		{685BCCCD-4072-4756-826A-50BA5BABBF2B}.Release|x86.ActiveCfg = Release|Any CPU
		{685BCCCD-4072-4756-826A-50BA5BABBF2B}.Release|x86.Build.0 = Release|Any CPU
		{1BA8FD39-7BE3-4348-9A9B-8EDF9113D434}.Debug|Any CPU.ActiveCfg = Debug|Any CPU
		{1BA8FD39-7BE3-4348-9A9B-8EDF9113D434}.Debug|Any CPU.Build.0 = Debug|Any CPU
		{1BA8FD39-7BE3-4348-9A9B-8EDF9113D434}.Debug|x64.ActiveCfg = Debug|Any CPU
		{1BA8FD39-7BE3-4348-9A9B-8EDF9113D434}.Debug|x64.Build.0 = Debug|Any CPU
		{1BA8FD39-7BE3-4348-9A9B-8EDF9113D434}.Debug|x86.ActiveCfg = Debug|Any CPU
		{1BA8FD39-7BE3-4348-9A9B-8EDF9113D434}.Debug|x86.Build.0 = Debug|Any CPU
		{1BA8FD39-7BE3-4348-9A9B-8EDF9113D434}.Release|Any CPU.ActiveCfg = Release|Any CPU
		{1BA8FD39-7BE3-4348-9A9B-8EDF9113D434}.Release|Any CPU.Build.0 = Release|Any CPU
		{1BA8FD39-7BE3-4348-9A9B-8EDF9113D434}.Release|x64.ActiveCfg = Release|Any CPU
		{1BA8FD39-7BE3-4348-9A9B-8EDF9113D434}.Release|x64.Build.0 = Release|Any CPU
		{1BA8FD39-7BE3-4348-9A9B-8EDF9113D434}.Release|x86.ActiveCfg = Release|Any CPU
		{1BA8FD39-7BE3-4348-9A9B-8EDF9113D434}.Release|x86.Build.0 = Release|Any CPU
		{04D7F65D-5F7D-4952-A41C-A9B090150208}.Debug|Any CPU.ActiveCfg = Debug|Any CPU
		{04D7F65D-5F7D-4952-A41C-A9B090150208}.Debug|Any CPU.Build.0 = Debug|Any CPU
		{04D7F65D-5F7D-4952-A41C-A9B090150208}.Debug|x64.ActiveCfg = Debug|Any CPU
		{04D7F65D-5F7D-4952-A41C-A9B090150208}.Debug|x64.Build.0 = Debug|Any CPU
		{04D7F65D-5F7D-4952-A41C-A9B090150208}.Debug|x86.ActiveCfg = Debug|Any CPU
		{04D7F65D-5F7D-4952-A41C-A9B090150208}.Debug|x86.Build.0 = Debug|Any CPU
		{04D7F65D-5F7D-4952-A41C-A9B090150208}.Release|Any CPU.ActiveCfg = Release|Any CPU
		{04D7F65D-5F7D-4952-A41C-A9B090150208}.Release|Any CPU.Build.0 = Release|Any CPU
		{04D7F65D-5F7D-4952-A41C-A9B090150208}.Release|x64.ActiveCfg = Release|Any CPU
		{04D7F65D-5F7D-4952-A41C-A9B090150208}.Release|x64.Build.0 = Release|Any CPU
		{04D7F65D-5F7D-4952-A41C-A9B090150208}.Release|x86.ActiveCfg = Release|Any CPU
		{04D7F65D-5F7D-4952-A41C-A9B090150208}.Release|x86.Build.0 = Release|Any CPU
		{6760653B-091E-4EFC-A317-0A7A0C202110}.Debug|Any CPU.ActiveCfg = Debug|Any CPU
		{6760653B-091E-4EFC-A317-0A7A0C202110}.Debug|Any CPU.Build.0 = Debug|Any CPU
		{6760653B-091E-4EFC-A317-0A7A0C202110}.Debug|x64.ActiveCfg = Debug|Any CPU
		{6760653B-091E-4EFC-A317-0A7A0C202110}.Debug|x64.Build.0 = Debug|Any CPU
		{6760653B-091E-4EFC-A317-0A7A0C202110}.Debug|x86.ActiveCfg = Debug|Any CPU
		{6760653B-091E-4EFC-A317-0A7A0C202110}.Debug|x86.Build.0 = Debug|Any CPU
		{6760653B-091E-4EFC-A317-0A7A0C202110}.Release|Any CPU.ActiveCfg = Release|Any CPU
		{6760653B-091E-4EFC-A317-0A7A0C202110}.Release|Any CPU.Build.0 = Release|Any CPU
		{6760653B-091E-4EFC-A317-0A7A0C202110}.Release|x64.ActiveCfg = Release|Any CPU
		{6760653B-091E-4EFC-A317-0A7A0C202110}.Release|x64.Build.0 = Release|Any CPU
		{6760653B-091E-4EFC-A317-0A7A0C202110}.Release|x86.ActiveCfg = Release|Any CPU
		{6760653B-091E-4EFC-A317-0A7A0C202110}.Release|x86.Build.0 = Release|Any CPU
		{9483C90B-A48A-43BE-9D87-31350D0C729B}.Debug|Any CPU.ActiveCfg = Debug|Any CPU
		{9483C90B-A48A-43BE-9D87-31350D0C729B}.Debug|Any CPU.Build.0 = Debug|Any CPU
		{9483C90B-A48A-43BE-9D87-31350D0C729B}.Debug|x64.ActiveCfg = Debug|Any CPU
		{9483C90B-A48A-43BE-9D87-31350D0C729B}.Debug|x64.Build.0 = Debug|Any CPU
		{9483C90B-A48A-43BE-9D87-31350D0C729B}.Debug|x86.ActiveCfg = Debug|Any CPU
		{9483C90B-A48A-43BE-9D87-31350D0C729B}.Debug|x86.Build.0 = Debug|Any CPU
		{9483C90B-A48A-43BE-9D87-31350D0C729B}.Release|Any CPU.ActiveCfg = Release|Any CPU
		{9483C90B-A48A-43BE-9D87-31350D0C729B}.Release|Any CPU.Build.0 = Release|Any CPU
		{9483C90B-A48A-43BE-9D87-31350D0C729B}.Release|x64.ActiveCfg = Release|Any CPU
		{9483C90B-A48A-43BE-9D87-31350D0C729B}.Release|x64.Build.0 = Release|Any CPU
		{9483C90B-A48A-43BE-9D87-31350D0C729B}.Release|x86.ActiveCfg = Release|Any CPU
		{9483C90B-A48A-43BE-9D87-31350D0C729B}.Release|x86.Build.0 = Release|Any CPU
		{BE906703-50F6-495F-BBE2-2E9902B1F8AB}.Debug|Any CPU.ActiveCfg = Debug|Any CPU
		{BE906703-50F6-495F-BBE2-2E9902B1F8AB}.Debug|Any CPU.Build.0 = Debug|Any CPU
		{BE906703-50F6-495F-BBE2-2E9902B1F8AB}.Debug|x64.ActiveCfg = Debug|Any CPU
		{BE906703-50F6-495F-BBE2-2E9902B1F8AB}.Debug|x64.Build.0 = Debug|Any CPU
		{BE906703-50F6-495F-BBE2-2E9902B1F8AB}.Debug|x86.ActiveCfg = Debug|Any CPU
		{BE906703-50F6-495F-BBE2-2E9902B1F8AB}.Debug|x86.Build.0 = Debug|Any CPU
		{BE906703-50F6-495F-BBE2-2E9902B1F8AB}.Release|Any CPU.ActiveCfg = Release|Any CPU
		{BE906703-50F6-495F-BBE2-2E9902B1F8AB}.Release|Any CPU.Build.0 = Release|Any CPU
		{BE906703-50F6-495F-BBE2-2E9902B1F8AB}.Release|x64.ActiveCfg = Release|Any CPU
		{BE906703-50F6-495F-BBE2-2E9902B1F8AB}.Release|x64.Build.0 = Release|Any CPU
		{BE906703-50F6-495F-BBE2-2E9902B1F8AB}.Release|x86.ActiveCfg = Release|Any CPU
		{BE906703-50F6-495F-BBE2-2E9902B1F8AB}.Release|x86.Build.0 = Release|Any CPU
	EndGlobalSection
	GlobalSection(SolutionProperties) = preSolution
		HideSolutionNode = FALSE
	EndGlobalSection
	GlobalSection(NestedProjects) = preSolution
		{AAA092DB-504E-ED76-ABFC-4AE22683804D} = {827E0CD3-B72D-47B6-A68D-7590B98EB39B}
		{685BCCCD-4072-4756-826A-50BA5BABBF2B} = {AAA092DB-504E-ED76-ABFC-4AE22683804D}
		{1BA8FD39-7BE3-4348-9A9B-8EDF9113D434} = {AAA092DB-504E-ED76-ABFC-4AE22683804D}
		{04D7F65D-5F7D-4952-A41C-A9B090150208} = {AAA092DB-504E-ED76-ABFC-4AE22683804D}
		{6760653B-091E-4EFC-A317-0A7A0C202110} = {AAA092DB-504E-ED76-ABFC-4AE22683804D}
		{9483C90B-A48A-43BE-9D87-31350D0C729B} = {AAA092DB-504E-ED76-ABFC-4AE22683804D}
		{BE906703-50F6-495F-BBE2-2E9902B1F8AB} = {AAA092DB-504E-ED76-ABFC-4AE22683804D}
	EndGlobalSection
EndGlobal
