
Microsoft Visual Studio Solution File, Format Version 12.00
# Visual Studio 15
Project("{FAE04EC0-301F-11D3-BF4B-00C04F79EFBC}") = "Unity.Timeline", "Unity.Timeline.csproj", "{7BCF62D3-4812-A087-B2AE-A995229ADEE1}"
EndProject
Project("{FAE04EC0-301F-11D3-BF4B-00C04F79EFBC}") = "Unity.PlasticSCM.Editor", "Unity.PlasticSCM.Editor.csproj", "{CA2D53AC-7C86-C720-CDFE-974F326D8B0E}"
EndProject
Project("{FAE04EC0-301F-11D3-BF4B-00C04F79EFBC}") = "Unity.2D.Aseprite.Editor", "Unity.2D.Aseprite.Editor.csproj", "{C85E417B-FF0E-49F0-1E1B-AD7504BE4FBF}"
EndProject
Project("{FAE04EC0-301F-11D3-BF4B-00C04F79EFBC}") = "Unity.Mathematics", "Unity.Mathematics.csproj", "{8F4B17DC-CA84-2DAB-B214-2A1BFCA047FD}"
EndProject
Project("{FAE04EC0-301F-11D3-BF4B-00C04F79EFBC}") = "Unity.Timeline.Editor", "Unity.Timeline.Editor.csproj", "{AB179409-D185-3FC7-C70A-CDB7136D2263}"
EndProject
Project("{FAE04EC0-301F-11D3-BF4B-00C04F79EFBC}") = "Unity.2D.Psdimporter.Editor", "Unity.2D.Psdimporter.Editor.csproj", "{009EF6CC-CBC1-378F-E4FA-D31557FB86E3}"
EndProject
Project("{FAE04EC0-301F-11D3-BF4B-00C04F79EFBC}") = "Unity.2D.IK.Runtime", "Unity.2D.IK.Runtime.csproj", "{8B5AE823-3EBF-EFE4-A0BF-6E4CECA8DB58}"
EndProject
Project("{FAE04EC0-301F-11D3-BF4B-00C04F79EFBC}") = "Unity.Collections", "Unity.Collections.csproj", "{740F7DB6-9892-038E-7BDE-881B0A402673}"
EndProject
Project("{FAE04EC0-301F-11D3-BF4B-00C04F79EFBC}") = "Unity.VisualScripting.Core.Editor", "Unity.VisualScripting.Core.Editor.csproj", "{C4992472-12F7-B3B8-03D1-9EF9F66B0F6F}"
EndProject
Project("{FAE04EC0-301F-11D3-BF4B-00C04F79EFBC}") = "Unity.PerformanceTesting.Editor", "Unity.PerformanceTesting.Editor.csproj", "{141A4C07-16D1-63BD-04DC-C4D642E77AA1}"
EndProject
Project("{FAE04EC0-301F-11D3-BF4B-00C04F79EFBC}") = "Unity.Burst", "Unity.Burst.csproj", "{BC17A2C4-EED2-A476-8647-758D3984C26C}"
EndProject
Project("{FAE04EC0-301F-11D3-BF4B-00C04F79EFBC}") = "Unity.VisualScripting.Flow.Editor", "Unity.VisualScripting.Flow.Editor.csproj", "{F1BEC21E-4A69-3621-024A-8C412E381567}"
EndProject
Project("{FAE04EC0-301F-11D3-BF4B-00C04F79EFBC}") = "Unity.2D.SpriteShape.Editor", "Unity.2D.SpriteShape.Editor.csproj", "{E23C790E-E8A9-9DB7-FA64-EB8ACE0851E2}"
EndProject
Project("{FAE04EC0-301F-11D3-BF4B-00C04F79EFBC}") = "Unity.VisualStudio.Editor", "Unity.VisualStudio.Editor.csproj", "{E894A92A-50DB-13E3-2F80-00462EE8C6AD}"
EndProject
Project("{FAE04EC0-301F-11D3-BF4B-00C04F79EFBC}") = "Unity.InputSystem", "Unity.InputSystem.csproj", "{A7DD91E3-6BD0-C3E6-BC6D-FA0C9BA452B8}"
EndProject
Project("{FAE04EC0-301F-11D3-BF4B-00C04F79EFBC}") = "Unity.2D.Animation.Editor", "Unity.2D.Animation.Editor.csproj", "{0361841D-01AA-E769-FF4C-AA6D2FFF59D0}"
EndProject
Project("{FAE04EC0-301F-11D3-BF4B-00C04F79EFBC}") = "Unity.Searcher.Editor", "Unity.Searcher.Editor.csproj", "{8A5E5ACD-0C32-7935-CA80-BDBCBB6C5EE8}"
EndProject
Project("{FAE04EC0-301F-11D3-BF4B-00C04F79EFBC}") = "Unity.2D.SpriteShape.Runtime", "Unity.2D.SpriteShape.Runtime.csproj", "{2982BA47-5892-EC3A-C666-A842A593ABE4}"
EndProject
Project("{FAE04EC0-301F-11D3-BF4B-00C04F79EFBC}") = "Unity.VisualScripting.Core", "Unity.VisualScripting.Core.csproj", "{5C3C0816-364F-5D46-5846-C32587248E93}"
EndProject
Project("{FAE04EC0-301F-11D3-BF4B-00C04F79EFBC}") = "Unity.VisualScripting.State.Editor", "Unity.VisualScripting.State.Editor.csproj", "{901A763C-CC43-4AF0-A167-9CFD8B3D5EDE}"
EndProject
Project("{FAE04EC0-301F-11D3-BF4B-00C04F79EFBC}") = "Unity.Burst.CodeGen", "Unity.Burst.CodeGen.csproj", "{2D14D3F4-D476-CD81-0123-80CE0536481E}"
EndProject
Project("{FAE04EC0-301F-11D3-BF4B-00C04F79EFBC}") = "Unity.VisualScripting.Flow", "Unity.VisualScripting.Flow.csproj", "{F6E57E26-5604-36C1-7C11-C6B04B2803E3}"
EndProject
Project("{FAE04EC0-301F-11D3-BF4B-00C04F79EFBC}") = "Unity.PerformanceTesting", "Unity.PerformanceTesting.csproj", "{23EE44A2-6D86-BF39-F01B-0C1D8FAAD415}"
EndProject
Project("{FAE04EC0-301F-11D3-BF4B-00C04F79EFBC}") = "Unity.2D.Tilemap.Extras.Editor", "Unity.2D.Tilemap.Extras.Editor.csproj", "{6C1DB2DC-7B40-7DBA-41F4-E73FBDDF5E98}"
EndProject
Project("{FAE04EC0-301F-11D3-BF4B-00C04F79EFBC}") = "PsdPlugin", "PsdPlugin.csproj", "{FEFBA9F8-F289-8E68-E798-99B660E1C583}"
EndProject
Project("{FAE04EC0-301F-11D3-BF4B-00C04F79EFBC}") = "Unity.2D.IK.Editor", "Unity.2D.IK.Editor.csproj", "{F03EC57B-C867-C188-0B4F-7BF3843213AF}"
EndProject
Project("{FAE04EC0-301F-11D3-BF4B-00C04F79EFBC}") = "Armament.Client", "Armament.Client.csproj", "{698ECC4F-8777-571F-009F-33ED8D85F1C0}"
EndProject
Project("{FAE04EC0-301F-11D3-BF4B-00C04F79EFBC}") = "Unity.InternalAPIEngineBridge.001", "Unity.InternalAPIEngineBridge.001.csproj", "{12C746E7-675B-7B63-7C31-A41971D0B2DD}"
EndProject
Project("{FAE04EC0-301F-11D3-BF4B-00C04F79EFBC}") = "Unity.2D.Aseprite.Common", "Unity.2D.Aseprite.Common.csproj", "{37545291-BD58-876B-5FE1-BF6441947F69}"
EndProject
Project("{FAE04EC0-301F-11D3-BF4B-00C04F79EFBC}") = "Unity.Burst.Editor", "Unity.Burst.Editor.csproj", "{592352D4-D82D-B316-62CB-79AA39A49913}"
EndProject
Project("{FAE04EC0-301F-11D3-BF4B-00C04F79EFBC}") = "Unity.2D.Common.Path.Editor", "Unity.2D.Common.Path.Editor.csproj", "{A73D0248-2D97-D12F-869A-73EC9FC5829C}"
EndProject
Project("{FAE04EC0-301F-11D3-BF4B-00C04F79EFBC}") = "Unity.2D.Common.Editor", "Unity.2D.Common.Editor.csproj", "{9A5C8F4B-962A-6D86-2A62-BCDA91F8D4B8}"
EndProject
Project("{FAE04EC0-301F-11D3-BF4B-00C04F79EFBC}") = "Unity.Rider.Editor", "Unity.Rider.Editor.csproj", "{FA179859-46EC-7435-69CD-6C8FF2671C29}"
EndProject
Project("{FAE04EC0-301F-11D3-BF4B-00C04F79EFBC}") = "Unity.VisualScripting.State", "Unity.VisualScripting.State.csproj", "{D8B662AD-D400-462F-D9D9-00AE354EF238}"
EndProject
Project("{FAE04EC0-301F-11D3-BF4B-00C04F79EFBC}") = "Unity.InternalAPIEditorBridge.001", "Unity.InternalAPIEditorBridge.001.csproj", "{DBDD19CF-1960-C497-1C80-56D8DD9CFCCD}"
EndProject
Project("{FAE04EC0-301F-11D3-BF4B-00C04F79EFBC}") = "Unity.InputSystem.ForUI", "Unity.InputSystem.ForUI.csproj", "{409C5C0C-6354-18F8-71C1-A09A5941C3D8}"
EndProject
Project("{FAE04EC0-301F-11D3-BF4B-00C04F79EFBC}") = "Unity.Collections.CodeGen", "Unity.Collections.CodeGen.csproj", "{4D4F71EB-F989-817A-D119-5500E0B343B0}"
EndProject
Project("{FAE04EC0-301F-11D3-BF4B-00C04F79EFBC}") = "Unity.2D.Tilemap.Extras", "Unity.2D.Tilemap.Extras.csproj", "{3E1ACF86-8202-5B98-603E-6839498534B5}"
EndProject
Project("{FAE04EC0-301F-11D3-BF4B-00C04F79EFBC}") = "Unity.2D.Animation.Runtime", "Unity.2D.Animation.Runtime.csproj", "{E94787AF-23D0-F2A2-E908-E05ED4BEC668}"
EndProject
Project("{FAE04EC0-301F-11D3-BF4B-00C04F79EFBC}") = "Unity.Mathematics.Editor", "Unity.Mathematics.Editor.csproj", "{441E2EBB-1B98-191E-BBBB-14ED2EA3205B}"
EndProject
Project("{FAE04EC0-301F-11D3-BF4B-00C04F79EFBC}") = "Unity.VisualScripting.SettingsProvider.Editor", "Unity.VisualScripting.SettingsProvider.Editor.csproj", "{E57923DF-2B98-E3F4-D967-EEF09F8E24AF}"
EndProject
Project("{FAE04EC0-301F-11D3-BF4B-00C04F79EFBC}") = "Unity.InputSystem.TestFramework", "Unity.InputSystem.TestFramework.csproj", "{770FBABB-2256-1DA1-C8E7-4F3D28DADFAA}"
EndProject
Project("{FAE04EC0-301F-11D3-BF4B-00C04F79EFBC}") = "Unity.VisualScripting.Shared.Editor", "Unity.VisualScripting.Shared.Editor.csproj", "{2B7CA02A-77A1-B764-626D-0799ED3B83D0}"
EndProject
Project("{FAE04EC0-301F-11D3-BF4B-00C04F79EFBC}") = "Unity.CollabProxy.Editor", "Unity.CollabProxy.Editor.csproj", "{771CC769-56AF-9063-085C-954587C7C80E}"
EndProject
Project("{FAE04EC0-301F-11D3-BF4B-00C04F79EFBC}") = "Unity.2D.Common.Runtime", "Unity.2D.Common.Runtime.csproj", "{394A1777-A81D-AEFD-B978-83A3DFA5F763}"
EndProject
Project("{FAE04EC0-301F-11D3-BF4B-00C04F79EFBC}") = "Armament.Client.PlayModeTests", "Armament.Client.PlayModeTests.csproj", "{051D1CAE-8F85-3A94-F4B5-0452402C68C1}"
EndProject
Project("{FAE04EC0-301F-11D3-BF4B-00C04F79EFBC}") = "Unity.InputSystem.DocCodeSamples", "Unity.InputSystem.DocCodeSamples.csproj", "{DAE9E575-7DAB-4025-EB30-018253582DC2}"
EndProject
Project("{FAE04EC0-301F-11D3-BF4B-00C04F79EFBC}") = "ScriptablePacker", "ScriptablePacker.csproj", "{7BF7EE1E-368B-80C6-8014-02BDEB0F2F0A}"
EndProject
Project("{FAE04EC0-301F-11D3-BF4B-00C04F79EFBC}") = "Unity.PlasticSCM.Editor.Entities", "Unity.PlasticSCM.Editor.Entities.csproj", "{30B20625-059D-8867-C3F3-2DB0103E10A2}"
EndProject
Project("{FAE04EC0-301F-11D3-BF4B-00C04F79EFBC}") = "Unity.Collections.Editor", "Unity.Collections.Editor.csproj", "{C4BE3D44-5F45-6311-41B6-193E503AC764}"
EndProject
Global
	GlobalSection(SolutionConfigurationPlatforms) = preSolution
		Debug|Any CPU = Debug|Any CPU
		Release|Any CPU = Release|Any CPU
	EndGlobalSection
	GlobalSection(ProjectConfigurationPlatforms) = postSolution
		{7BCF62D3-4812-A087-B2AE-A995229ADEE1}.Debug|Any CPU.ActiveCfg = Debug|Any CPU
		{7BCF62D3-4812-A087-B2AE-A995229ADEE1}.Debug|Any CPU.Build.0 = Debug|Any CPU
		{7BCF62D3-4812-A087-B2AE-A995229ADEE1}.Release|Any CPU.ActiveCfg = Release|Any CPU
		{7BCF62D3-4812-A087-B2AE-A995229ADEE1}.Release|Any CPU.Build.0 = Release|Any CPU
		{CA2D53AC-7C86-C720-CDFE-974F326D8B0E}.Debug|Any CPU.ActiveCfg = Debug|Any CPU
		{CA2D53AC-7C86-C720-CDFE-974F326D8B0E}.Debug|Any CPU.Build.0 = Debug|Any CPU
		{CA2D53AC-7C86-C720-CDFE-974F326D8B0E}.Release|Any CPU.ActiveCfg = Release|Any CPU
		{CA2D53AC-7C86-C720-CDFE-974F326D8B0E}.Release|Any CPU.Build.0 = Release|Any CPU
		{C85E417B-FF0E-49F0-1E1B-AD7504BE4FBF}.Debug|Any CPU.ActiveCfg = Debug|Any CPU
		{C85E417B-FF0E-49F0-1E1B-AD7504BE4FBF}.Debug|Any CPU.Build.0 = Debug|Any CPU
		{C85E417B-FF0E-49F0-1E1B-AD7504BE4FBF}.Release|Any CPU.ActiveCfg = Release|Any CPU
		{C85E417B-FF0E-49F0-1E1B-AD7504BE4FBF}.Release|Any CPU.Build.0 = Release|Any CPU
		{8F4B17DC-CA84-2DAB-B214-2A1BFCA047FD}.Debug|Any CPU.ActiveCfg = Debug|Any CPU
		{8F4B17DC-CA84-2DAB-B214-2A1BFCA047FD}.Debug|Any CPU.Build.0 = Debug|Any CPU
		{8F4B17DC-CA84-2DAB-B214-2A1BFCA047FD}.Release|Any CPU.ActiveCfg = Release|Any CPU
		{8F4B17DC-CA84-2DAB-B214-2A1BFCA047FD}.Release|Any CPU.Build.0 = Release|Any CPU
		{AB179409-D185-3FC7-C70A-CDB7136D2263}.Debug|Any CPU.ActiveCfg = Debug|Any CPU
		{AB179409-D185-3FC7-C70A-CDB7136D2263}.Debug|Any CPU.Build.0 = Debug|Any CPU
		{AB179409-D185-3FC7-C70A-CDB7136D2263}.Release|Any CPU.ActiveCfg = Release|Any CPU
		{AB179409-D185-3FC7-C70A-CDB7136D2263}.Release|Any CPU.Build.0 = Release|Any CPU
		{009EF6CC-CBC1-378F-E4FA-D31557FB86E3}.Debug|Any CPU.ActiveCfg = Debug|Any CPU
		{009EF6CC-CBC1-378F-E4FA-D31557FB86E3}.Debug|Any CPU.Build.0 = Debug|Any CPU
		{009EF6CC-CBC1-378F-E4FA-D31557FB86E3}.Release|Any CPU.ActiveCfg = Release|Any CPU
		{009EF6CC-CBC1-378F-E4FA-D31557FB86E3}.Release|Any CPU.Build.0 = Release|Any CPU
		{8B5AE823-3EBF-EFE4-A0BF-6E4CECA8DB58}.Debug|Any CPU.ActiveCfg = Debug|Any CPU
		{8B5AE823-3EBF-EFE4-A0BF-6E4CECA8DB58}.Debug|Any CPU.Build.0 = Debug|Any CPU
		{8B5AE823-3EBF-EFE4-A0BF-6E4CECA8DB58}.Release|Any CPU.ActiveCfg = Release|Any CPU
		{8B5AE823-3EBF-EFE4-A0BF-6E4CECA8DB58}.Release|Any CPU.Build.0 = Release|Any CPU
		{740F7DB6-9892-038E-7BDE-881B0A402673}.Debug|Any CPU.ActiveCfg = Debug|Any CPU
		{740F7DB6-9892-038E-7BDE-881B0A402673}.Debug|Any CPU.Build.0 = Debug|Any CPU
		{740F7DB6-9892-038E-7BDE-881B0A402673}.Release|Any CPU.ActiveCfg = Release|Any CPU
		{740F7DB6-9892-038E-7BDE-881B0A402673}.Release|Any CPU.Build.0 = Release|Any CPU
		{C4992472-12F7-B3B8-03D1-9EF9F66B0F6F}.Debug|Any CPU.ActiveCfg = Debug|Any CPU
		{C4992472-12F7-B3B8-03D1-9EF9F66B0F6F}.Debug|Any CPU.Build.0 = Debug|Any CPU
		{C4992472-12F7-B3B8-03D1-9EF9F66B0F6F}.Release|Any CPU.ActiveCfg = Release|Any CPU
		{C4992472-12F7-B3B8-03D1-9EF9F66B0F6F}.Release|Any CPU.Build.0 = Release|Any CPU
		{141A4C07-16D1-63BD-04DC-C4D642E77AA1}.Debug|Any CPU.ActiveCfg = Debug|Any CPU
		{141A4C07-16D1-63BD-04DC-C4D642E77AA1}.Debug|Any CPU.Build.0 = Debug|Any CPU
		{141A4C07-16D1-63BD-04DC-C4D642E77AA1}.Release|Any CPU.ActiveCfg = Release|Any CPU
		{141A4C07-16D1-63BD-04DC-C4D642E77AA1}.Release|Any CPU.Build.0 = Release|Any CPU
		{BC17A2C4-EED2-A476-8647-758D3984C26C}.Debug|Any CPU.ActiveCfg = Debug|Any CPU
		{BC17A2C4-EED2-A476-8647-758D3984C26C}.Debug|Any CPU.Build.0 = Debug|Any CPU
		{BC17A2C4-EED2-A476-8647-758D3984C26C}.Release|Any CPU.ActiveCfg = Release|Any CPU
		{BC17A2C4-EED2-A476-8647-758D3984C26C}.Release|Any CPU.Build.0 = Release|Any CPU
		{F1BEC21E-4A69-3621-024A-8C412E381567}.Debug|Any CPU.ActiveCfg = Debug|Any CPU
		{F1BEC21E-4A69-3621-024A-8C412E381567}.Debug|Any CPU.Build.0 = Debug|Any CPU
		{F1BEC21E-4A69-3621-024A-8C412E381567}.Release|Any CPU.ActiveCfg = Release|Any CPU
		{F1BEC21E-4A69-3621-024A-8C412E381567}.Release|Any CPU.Build.0 = Release|Any CPU
		{E23C790E-E8A9-9DB7-FA64-EB8ACE0851E2}.Debug|Any CPU.ActiveCfg = Debug|Any CPU
		{E23C790E-E8A9-9DB7-FA64-EB8ACE0851E2}.Debug|Any CPU.Build.0 = Debug|Any CPU
		{E23C790E-E8A9-9DB7-FA64-EB8ACE0851E2}.Release|Any CPU.ActiveCfg = Release|Any CPU
		{E23C790E-E8A9-9DB7-FA64-EB8ACE0851E2}.Release|Any CPU.Build.0 = Release|Any CPU
		{E894A92A-50DB-13E3-2F80-00462EE8C6AD}.Debug|Any CPU.ActiveCfg = Debug|Any CPU
		{E894A92A-50DB-13E3-2F80-00462EE8C6AD}.Debug|Any CPU.Build.0 = Debug|Any CPU
		{E894A92A-50DB-13E3-2F80-00462EE8C6AD}.Release|Any CPU.ActiveCfg = Release|Any CPU
		{E894A92A-50DB-13E3-2F80-00462EE8C6AD}.Release|Any CPU.Build.0 = Release|Any CPU
		{A7DD91E3-6BD0-C3E6-BC6D-FA0C9BA452B8}.Debug|Any CPU.ActiveCfg = Debug|Any CPU
		{A7DD91E3-6BD0-C3E6-BC6D-FA0C9BA452B8}.Debug|Any CPU.Build.0 = Debug|Any CPU
		{A7DD91E3-6BD0-C3E6-BC6D-FA0C9BA452B8}.Release|Any CPU.ActiveCfg = Release|Any CPU
		{A7DD91E3-6BD0-C3E6-BC6D-FA0C9BA452B8}.Release|Any CPU.Build.0 = Release|Any CPU
		{0361841D-01AA-E769-FF4C-AA6D2FFF59D0}.Debug|Any CPU.ActiveCfg = Debug|Any CPU
		{0361841D-01AA-E769-FF4C-AA6D2FFF59D0}.Debug|Any CPU.Build.0 = Debug|Any CPU
		{0361841D-01AA-E769-FF4C-AA6D2FFF59D0}.Release|Any CPU.ActiveCfg = Release|Any CPU
		{0361841D-01AA-E769-FF4C-AA6D2FFF59D0}.Release|Any CPU.Build.0 = Release|Any CPU
		{8A5E5ACD-0C32-7935-CA80-BDBCBB6C5EE8}.Debug|Any CPU.ActiveCfg = Debug|Any CPU
		{8A5E5ACD-0C32-7935-CA80-BDBCBB6C5EE8}.Debug|Any CPU.Build.0 = Debug|Any CPU
		{8A5E5ACD-0C32-7935-CA80-BDBCBB6C5EE8}.Release|Any CPU.ActiveCfg = Release|Any CPU
		{8A5E5ACD-0C32-7935-CA80-BDBCBB6C5EE8}.Release|Any CPU.Build.0 = Release|Any CPU
		{2982BA47-5892-EC3A-C666-A842A593ABE4}.Debug|Any CPU.ActiveCfg = Debug|Any CPU
		{2982BA47-5892-EC3A-C666-A842A593ABE4}.Debug|Any CPU.Build.0 = Debug|Any CPU
		{2982BA47-5892-EC3A-C666-A842A593ABE4}.Release|Any CPU.ActiveCfg = Release|Any CPU
		{2982BA47-5892-EC3A-C666-A842A593ABE4}.Release|Any CPU.Build.0 = Release|Any CPU
		{5C3C0816-364F-5D46-5846-C32587248E93}.Debug|Any CPU.ActiveCfg = Debug|Any CPU
		{5C3C0816-364F-5D46-5846-C32587248E93}.Debug|Any CPU.Build.0 = Debug|Any CPU
		{5C3C0816-364F-5D46-5846-C32587248E93}.Release|Any CPU.ActiveCfg = Release|Any CPU
		{5C3C0816-364F-5D46-5846-C32587248E93}.Release|Any CPU.Build.0 = Release|Any CPU
		{901A763C-CC43-4AF0-A167-9CFD8B3D5EDE}.Debug|Any CPU.ActiveCfg = Debug|Any CPU
		{901A763C-CC43-4AF0-A167-9CFD8B3D5EDE}.Debug|Any CPU.Build.0 = Debug|Any CPU
		{901A763C-CC43-4AF0-A167-9CFD8B3D5EDE}.Release|Any CPU.ActiveCfg = Release|Any CPU
		{901A763C-CC43-4AF0-A167-9CFD8B3D5EDE}.Release|Any CPU.Build.0 = Release|Any CPU
		{2D14D3F4-D476-CD81-0123-80CE0536481E}.Debug|Any CPU.ActiveCfg = Debug|Any CPU
		{2D14D3F4-D476-CD81-0123-80CE0536481E}.Debug|Any CPU.Build.0 = Debug|Any CPU
		{2D14D3F4-D476-CD81-0123-80CE0536481E}.Release|Any CPU.ActiveCfg = Release|Any CPU
		{2D14D3F4-D476-CD81-0123-80CE0536481E}.Release|Any CPU.Build.0 = Release|Any CPU
		{F6E57E26-5604-36C1-7C11-C6B04B2803E3}.Debug|Any CPU.ActiveCfg = Debug|Any CPU
		{F6E57E26-5604-36C1-7C11-C6B04B2803E3}.Debug|Any CPU.Build.0 = Debug|Any CPU
		{F6E57E26-5604-36C1-7C11-C6B04B2803E3}.Release|Any CPU.ActiveCfg = Release|Any CPU
		{F6E57E26-5604-36C1-7C11-C6B04B2803E3}.Release|Any CPU.Build.0 = Release|Any CPU
		{23EE44A2-6D86-BF39-F01B-0C1D8FAAD415}.Debug|Any CPU.ActiveCfg = Debug|Any CPU
		{23EE44A2-6D86-BF39-F01B-0C1D8FAAD415}.Debug|Any CPU.Build.0 = Debug|Any CPU
		{23EE44A2-6D86-BF39-F01B-0C1D8FAAD415}.Release|Any CPU.ActiveCfg = Release|Any CPU
		{23EE44A2-6D86-BF39-F01B-0C1D8FAAD415}.Release|Any CPU.Build.0 = Release|Any CPU
		{6C1DB2DC-7B40-7DBA-41F4-E73FBDDF5E98}.Debug|Any CPU.ActiveCfg = Debug|Any CPU
		{6C1DB2DC-7B40-7DBA-41F4-E73FBDDF5E98}.Debug|Any CPU.Build.0 = Debug|Any CPU
		{6C1DB2DC-7B40-7DBA-41F4-E73FBDDF5E98}.Release|Any CPU.ActiveCfg = Release|Any CPU
		{6C1DB2DC-7B40-7DBA-41F4-E73FBDDF5E98}.Release|Any CPU.Build.0 = Release|Any CPU
		{FEFBA9F8-F289-8E68-E798-99B660E1C583}.Debug|Any CPU.ActiveCfg = Debug|Any CPU
		{FEFBA9F8-F289-8E68-E798-99B660E1C583}.Debug|Any CPU.Build.0 = Debug|Any CPU
		{FEFBA9F8-F289-8E68-E798-99B660E1C583}.Release|Any CPU.ActiveCfg = Release|Any CPU
		{FEFBA9F8-F289-8E68-E798-99B660E1C583}.Release|Any CPU.Build.0 = Release|Any CPU
		{F03EC57B-C867-C188-0B4F-7BF3843213AF}.Debug|Any CPU.ActiveCfg = Debug|Any CPU
		{F03EC57B-C867-C188-0B4F-7BF3843213AF}.Debug|Any CPU.Build.0 = Debug|Any CPU
		{F03EC57B-C867-C188-0B4F-7BF3843213AF}.Release|Any CPU.ActiveCfg = Release|Any CPU
		{F03EC57B-C867-C188-0B4F-7BF3843213AF}.Release|Any CPU.Build.0 = Release|Any CPU
		{698ECC4F-8777-571F-009F-33ED8D85F1C0}.Debug|Any CPU.ActiveCfg = Debug|Any CPU
		{698ECC4F-8777-571F-009F-33ED8D85F1C0}.Debug|Any CPU.Build.0 = Debug|Any CPU
		{698ECC4F-8777-571F-009F-33ED8D85F1C0}.Release|Any CPU.ActiveCfg = Release|Any CPU
		{698ECC4F-8777-571F-009F-33ED8D85F1C0}.Release|Any CPU.Build.0 = Release|Any CPU
		{12C746E7-675B-7B63-7C31-A41971D0B2DD}.Debug|Any CPU.ActiveCfg = Debug|Any CPU
		{12C746E7-675B-7B63-7C31-A41971D0B2DD}.Debug|Any CPU.Build.0 = Debug|Any CPU
		{12C746E7-675B-7B63-7C31-A41971D0B2DD}.Release|Any CPU.ActiveCfg = Release|Any CPU
		{12C746E7-675B-7B63-7C31-A41971D0B2DD}.Release|Any CPU.Build.0 = Release|Any CPU
		{37545291-BD58-876B-5FE1-BF6441947F69}.Debug|Any CPU.ActiveCfg = Debug|Any CPU
		{37545291-BD58-876B-5FE1-BF6441947F69}.Debug|Any CPU.Build.0 = Debug|Any CPU
		{37545291-BD58-876B-5FE1-BF6441947F69}.Release|Any CPU.ActiveCfg = Release|Any CPU
		{37545291-BD58-876B-5FE1-BF6441947F69}.Release|Any CPU.Build.0 = Release|Any CPU
		{592352D4-D82D-B316-62CB-79AA39A49913}.Debug|Any CPU.ActiveCfg = Debug|Any CPU
		{592352D4-D82D-B316-62CB-79AA39A49913}.Debug|Any CPU.Build.0 = Debug|Any CPU
		{592352D4-D82D-B316-62CB-79AA39A49913}.Release|Any CPU.ActiveCfg = Release|Any CPU
		{592352D4-D82D-B316-62CB-79AA39A49913}.Release|Any CPU.Build.0 = Release|Any CPU
		{A73D0248-2D97-D12F-869A-73EC9FC5829C}.Debug|Any CPU.ActiveCfg = Debug|Any CPU
		{A73D0248-2D97-D12F-869A-73EC9FC5829C}.Debug|Any CPU.Build.0 = Debug|Any CPU
		{A73D0248-2D97-D12F-869A-73EC9FC5829C}.Release|Any CPU.ActiveCfg = Release|Any CPU
		{A73D0248-2D97-D12F-869A-73EC9FC5829C}.Release|Any CPU.Build.0 = Release|Any CPU
		{9A5C8F4B-962A-6D86-2A62-BCDA91F8D4B8}.Debug|Any CPU.ActiveCfg = Debug|Any CPU
		{9A5C8F4B-962A-6D86-2A62-BCDA91F8D4B8}.Debug|Any CPU.Build.0 = Debug|Any CPU
		{9A5C8F4B-962A-6D86-2A62-BCDA91F8D4B8}.Release|Any CPU.ActiveCfg = Release|Any CPU
		{9A5C8F4B-962A-6D86-2A62-BCDA91F8D4B8}.Release|Any CPU.Build.0 = Release|Any CPU
		{FA179859-46EC-7435-69CD-6C8FF2671C29}.Debug|Any CPU.ActiveCfg = Debug|Any CPU
		{FA179859-46EC-7435-69CD-6C8FF2671C29}.Debug|Any CPU.Build.0 = Debug|Any CPU
		{FA179859-46EC-7435-69CD-6C8FF2671C29}.Release|Any CPU.ActiveCfg = Release|Any CPU
		{FA179859-46EC-7435-69CD-6C8FF2671C29}.Release|Any CPU.Build.0 = Release|Any CPU
		{D8B662AD-D400-462F-D9D9-00AE354EF238}.Debug|Any CPU.ActiveCfg = Debug|Any CPU
		{D8B662AD-D400-462F-D9D9-00AE354EF238}.Debug|Any CPU.Build.0 = Debug|Any CPU
		{D8B662AD-D400-462F-D9D9-00AE354EF238}.Release|Any CPU.ActiveCfg = Release|Any CPU
		{D8B662AD-D400-462F-D9D9-00AE354EF238}.Release|Any CPU.Build.0 = Release|Any CPU
		{DBDD19CF-1960-C497-1C80-56D8DD9CFCCD}.Debug|Any CPU.ActiveCfg = Debug|Any CPU
		{DBDD19CF-1960-C497-1C80-56D8DD9CFCCD}.Debug|Any CPU.Build.0 = Debug|Any CPU
		{DBDD19CF-1960-C497-1C80-56D8DD9CFCCD}.Release|Any CPU.ActiveCfg = Release|Any CPU
		{DBDD19CF-1960-C497-1C80-56D8DD9CFCCD}.Release|Any CPU.Build.0 = Release|Any CPU
		{409C5C0C-6354-18F8-71C1-A09A5941C3D8}.Debug|Any CPU.ActiveCfg = Debug|Any CPU
		{409C5C0C-6354-18F8-71C1-A09A5941C3D8}.Debug|Any CPU.Build.0 = Debug|Any CPU
		{409C5C0C-6354-18F8-71C1-A09A5941C3D8}.Release|Any CPU.ActiveCfg = Release|Any CPU
		{409C5C0C-6354-18F8-71C1-A09A5941C3D8}.Release|Any CPU.Build.0 = Release|Any CPU
		{4D4F71EB-F989-817A-D119-5500E0B343B0}.Debug|Any CPU.ActiveCfg = Debug|Any CPU
		{4D4F71EB-F989-817A-D119-5500E0B343B0}.Debug|Any CPU.Build.0 = Debug|Any CPU
		{4D4F71EB-F989-817A-D119-5500E0B343B0}.Release|Any CPU.ActiveCfg = Release|Any CPU
		{4D4F71EB-F989-817A-D119-5500E0B343B0}.Release|Any CPU.Build.0 = Release|Any CPU
		{3E1ACF86-8202-5B98-603E-6839498534B5}.Debug|Any CPU.ActiveCfg = Debug|Any CPU
		{3E1ACF86-8202-5B98-603E-6839498534B5}.Debug|Any CPU.Build.0 = Debug|Any CPU
		{3E1ACF86-8202-5B98-603E-6839498534B5}.Release|Any CPU.ActiveCfg = Release|Any CPU
		{3E1ACF86-8202-5B98-603E-6839498534B5}.Release|Any CPU.Build.0 = Release|Any CPU
		{E94787AF-23D0-F2A2-E908-E05ED4BEC668}.Debug|Any CPU.ActiveCfg = Debug|Any CPU
		{E94787AF-23D0-F2A2-E908-E05ED4BEC668}.Debug|Any CPU.Build.0 = Debug|Any CPU
		{E94787AF-23D0-F2A2-E908-E05ED4BEC668}.Release|Any CPU.ActiveCfg = Release|Any CPU
		{E94787AF-23D0-F2A2-E908-E05ED4BEC668}.Release|Any CPU.Build.0 = Release|Any CPU
		{441E2EBB-1B98-191E-BBBB-14ED2EA3205B}.Debug|Any CPU.ActiveCfg = Debug|Any CPU
		{441E2EBB-1B98-191E-BBBB-14ED2EA3205B}.Debug|Any CPU.Build.0 = Debug|Any CPU
		{441E2EBB-1B98-191E-BBBB-14ED2EA3205B}.Release|Any CPU.ActiveCfg = Release|Any CPU
		{441E2EBB-1B98-191E-BBBB-14ED2EA3205B}.Release|Any CPU.Build.0 = Release|Any CPU
		{E57923DF-2B98-E3F4-D967-EEF09F8E24AF}.Debug|Any CPU.ActiveCfg = Debug|Any CPU
		{E57923DF-2B98-E3F4-D967-EEF09F8E24AF}.Debug|Any CPU.Build.0 = Debug|Any CPU
		{E57923DF-2B98-E3F4-D967-EEF09F8E24AF}.Release|Any CPU.ActiveCfg = Release|Any CPU
		{E57923DF-2B98-E3F4-D967-EEF09F8E24AF}.Release|Any CPU.Build.0 = Release|Any CPU
		{770FBABB-2256-1DA1-C8E7-4F3D28DADFAA}.Debug|Any CPU.ActiveCfg = Debug|Any CPU
		{770FBABB-2256-1DA1-C8E7-4F3D28DADFAA}.Debug|Any CPU.Build.0 = Debug|Any CPU
		{770FBABB-2256-1DA1-C8E7-4F3D28DADFAA}.Release|Any CPU.ActiveCfg = Release|Any CPU
		{770FBABB-2256-1DA1-C8E7-4F3D28DADFAA}.Release|Any CPU.Build.0 = Release|Any CPU
		{2B7CA02A-77A1-B764-626D-0799ED3B83D0}.Debug|Any CPU.ActiveCfg = Debug|Any CPU
		{2B7CA02A-77A1-B764-626D-0799ED3B83D0}.Debug|Any CPU.Build.0 = Debug|Any CPU
		{2B7CA02A-77A1-B764-626D-0799ED3B83D0}.Release|Any CPU.ActiveCfg = Release|Any CPU
		{2B7CA02A-77A1-B764-626D-0799ED3B83D0}.Release|Any CPU.Build.0 = Release|Any CPU
		{771CC769-56AF-9063-085C-954587C7C80E}.Debug|Any CPU.ActiveCfg = Debug|Any CPU
		{771CC769-56AF-9063-085C-954587C7C80E}.Debug|Any CPU.Build.0 = Debug|Any CPU
		{771CC769-56AF-9063-085C-954587C7C80E}.Release|Any CPU.ActiveCfg = Release|Any CPU
		{771CC769-56AF-9063-085C-954587C7C80E}.Release|Any CPU.Build.0 = Release|Any CPU
		{394A1777-A81D-AEFD-B978-83A3DFA5F763}.Debug|Any CPU.ActiveCfg = Debug|Any CPU
		{394A1777-A81D-AEFD-B978-83A3DFA5F763}.Debug|Any CPU.Build.0 = Debug|Any CPU
		{394A1777-A81D-AEFD-B978-83A3DFA5F763}.Release|Any CPU.ActiveCfg = Release|Any CPU
		{394A1777-A81D-AEFD-B978-83A3DFA5F763}.Release|Any CPU.Build.0 = Release|Any CPU
		{051D1CAE-8F85-3A94-F4B5-0452402C68C1}.Debug|Any CPU.ActiveCfg = Debug|Any CPU
		{051D1CAE-8F85-3A94-F4B5-0452402C68C1}.Debug|Any CPU.Build.0 = Debug|Any CPU
		{051D1CAE-8F85-3A94-F4B5-0452402C68C1}.Release|Any CPU.ActiveCfg = Release|Any CPU
		{051D1CAE-8F85-3A94-F4B5-0452402C68C1}.Release|Any CPU.Build.0 = Release|Any CPU
		{DAE9E575-7DAB-4025-EB30-018253582DC2}.Debug|Any CPU.ActiveCfg = Debug|Any CPU
		{DAE9E575-7DAB-4025-EB30-018253582DC2}.Debug|Any CPU.Build.0 = Debug|Any CPU
		{DAE9E575-7DAB-4025-EB30-018253582DC2}.Release|Any CPU.ActiveCfg = Release|Any CPU
		{DAE9E575-7DAB-4025-EB30-018253582DC2}.Release|Any CPU.Build.0 = Release|Any CPU
		{7BF7EE1E-368B-80C6-8014-02BDEB0F2F0A}.Debug|Any CPU.ActiveCfg = Debug|Any CPU
		{7BF7EE1E-368B-80C6-8014-02BDEB0F2F0A}.Debug|Any CPU.Build.0 = Debug|Any CPU
		{7BF7EE1E-368B-80C6-8014-02BDEB0F2F0A}.Release|Any CPU.ActiveCfg = Release|Any CPU
		{7BF7EE1E-368B-80C6-8014-02BDEB0F2F0A}.Release|Any CPU.Build.0 = Release|Any CPU
		{30B20625-059D-8867-C3F3-2DB0103E10A2}.Debug|Any CPU.ActiveCfg = Debug|Any CPU
		{30B20625-059D-8867-C3F3-2DB0103E10A2}.Debug|Any CPU.Build.0 = Debug|Any CPU
		{30B20625-059D-8867-C3F3-2DB0103E10A2}.Release|Any CPU.ActiveCfg = Release|Any CPU
		{30B20625-059D-8867-C3F3-2DB0103E10A2}.Release|Any CPU.Build.0 = Release|Any CPU
		{C4BE3D44-5F45-6311-41B6-193E503AC764}.Debug|Any CPU.ActiveCfg = Debug|Any CPU
		{C4BE3D44-5F45-6311-41B6-193E503AC764}.Debug|Any CPU.Build.0 = Debug|Any CPU
		{C4BE3D44-5F45-6311-41B6-193E503AC764}.Release|Any CPU.ActiveCfg = Release|Any CPU
		{C4BE3D44-5F45-6311-41B6-193E503AC764}.Release|Any CPU.Build.0 = Release|Any CPU
	EndGlobalSection
	GlobalSection(SolutionProperties) = preSolution
		HideSolutionNode = FALSE
	EndGlobalSection
EndGlobal
